
Microsoft Visual Studio Solution File, Format Version 12.00
# Visual Studio 14
VisualStudioVersion = 14.0.24720.0
MinimumVisualStudioVersion = 10.0.40219.1
Project("{2150E333-8FDC-42A3-9474-1A3956D46DE8}") = ".nuget", ".nuget", "{7E3AE08A-0561-4493-93B4-19604A4F3855}"
	ProjectSection(SolutionItems) = preProject
		.nuget\NuGet.Config = .nuget\NuGet.Config
		.nuget\NuGet.exe = .nuget\NuGet.exe
		.nuget\NuGet.targets = .nuget\NuGet.targets
	EndProjectSection
EndProject
Project("{2150E333-8FDC-42A3-9474-1A3956D46DE8}") = "source", "source", "{C166F64C-82BF-4A45-BC6A-F2638CE7B000}"
EndProject
Project("{FAE04EC0-301F-11D3-BF4B-00C04F79EFBC}") = "HotAssembly", "source\HotAssembly\HotAssembly.csproj", "{C4C56266-06D1-42F8-9B64-E8F2CDD71CF7}"
EndProject
Project("{FF286327-C783-4F7A-AB73-9BCBAD0D4460}") = "HotAssembly.NuGetPackage", "source\HotAssembly.NuGetPackage\HotAssembly.NuGetPackage.nuproj", "{D0BE051E-E0DB-479E-BE3D-B85953BE47EC}"
EndProject
Project("{2150E333-8FDC-42A3-9474-1A3956D46DE8}") = "tests", "tests", "{B905B70A-CA2E-4604-B650-CBFF52D23CF4}"
EndProject
Project("{FAE04EC0-301F-11D3-BF4B-00C04F79EFBC}") = "HotAssembly.Tests", "tests\UnitTests\HotAssembly.Tests.csproj", "{CBA1FBCD-7D70-4E11-AA69-BF5728D5604A}"
	ProjectSection(ProjectDependencies) = postProject
		{F5B89734-28AE-43F6-8565-300AA794C546} = {F5B89734-28AE-43F6-8565-300AA794C546}
	EndProjectSection
EndProject
Project("{FAE04EC0-301F-11D3-BF4B-00C04F79EFBC}") = "BaselineTest", "tests\BaselineTest\BaselineTest.csproj", "{0036DF61-C8A8-40CF-BF43-F6269241E727}"
EndProject
Project("{FAE04EC0-301F-11D3-BF4B-00C04F79EFBC}") = "HotAssembly.Package", "source\HotAssembly.Package\HotAssembly.Package.csproj", "{A4ABE676-D899-4D49-B0BE-58D5C6238AC9}"
EndProject
Project("{FAE04EC0-301F-11D3-BF4B-00C04F79EFBC}") = "HotAssembly.Package.Tests", "tests\HotAssembly.Package.Tests\HotAssembly.Package.Tests.csproj", "{4AA4BF0B-E800-43E8-85E7-EA0FD788995B}"
	ProjectSection(ProjectDependencies) = postProject
		{F5B89734-28AE-43F6-8565-300AA794C546} = {F5B89734-28AE-43F6-8565-300AA794C546}
	EndProjectSection
EndProject
Project("{2150E333-8FDC-42A3-9474-1A3956D46DE8}") = "TestObjects", "TestObjects", "{EF5A2C1E-4B31-4E15-AA9F-874CDCE00E08}"
EndProject
Project("{FAE04EC0-301F-11D3-BF4B-00C04F79EFBC}") = "HotAssembly.Computer", "tests\TestObjects\HotAssembly.Computer\HotAssembly.Computer.csproj", "{70E4BC76-6994-4F79-91D3-4CC70ABC5A90}"
EndProject
Project("{FF286327-C783-4F7A-AB73-9BCBAD0D4460}") = "HotAssembly.Computer.NugetPackage", "tests\TestObjects\HotAssembly.Computer.NugetPackage\HotAssembly.Computer.NugetPackage.nuproj", "{F5B89734-28AE-43F6-8565-300AA794C546}"
EndProject
Project("{FAE04EC0-301F-11D3-BF4B-00C04F79EFBC}") = "IComputer", "tests\TestObjects\IComputer\IComputer.csproj", "{777215A7-E11D-4971-8B9B-BD98CD594A33}"
EndProject
Project("{FAE04EC0-301F-11D3-BF4B-00C04F79EFBC}") = "SomeOtherProcess", "tests\TestObjects\SomeOtherProcess\SomeOtherProcess.csproj", "{4563B799-A1DB-4CAA-B4AB-6855DE42F037}"
EndProject
Project("{2150E333-8FDC-42A3-9474-1A3956D46DE8}") = "samples", "samples", "{C5629419-F370-4CEA-9EAB-05B3F65CDC69}"
EndProject
Project("{FAE04EC0-301F-11D3-BF4B-00C04F79EFBC}") = "SharedTypes", "samples\SharedTypes\SharedTypes.csproj", "{061AA072-B322-4870-B2FB-060457377163}"
EndProject
Project("{FAE04EC0-301F-11D3-BF4B-00C04F79EFBC}") = "Subtractor", "samples\Subtractor\Subtractor.csproj", "{AA5FF9D6-A1BE-44DC-9DFE-EAFC64AA4F49}"
EndProject
Project("{FAE04EC0-301F-11D3-BF4B-00C04F79EFBC}") = "Additor", "samples\Additor\Additor.csproj", "{C496D427-BE1D-4BAB-8D54-8609D0CED99D}"
EndProject
Project("{FF286327-C783-4F7A-AB73-9BCBAD0D4460}") = "Additor.NugetPackage", "samples\Additor.NugetPackage\Additor.NugetPackage.nuproj", "{E9B1E633-AE58-4B01-908C-56C25AB97381}"
EndProject
Project("{FF286327-C783-4F7A-AB73-9BCBAD0D4460}") = "Subtractor.NugetPackage", "samples\Subtractor.NugetPackage\Subtractor.NugetPackage.nuproj", "{6533262E-ACE3-43E4-B600-BD67336AA5AB}"
EndProject
Project("{FAE04EC0-301F-11D3-BF4B-00C04F79EFBC}") = "Sample", "samples\Sample\Sample.csproj", "{66D87348-6BD0-4A51-8F30-9ABC03E27FCA}"
	ProjectSection(ProjectDependencies) = postProject
		{6533262E-ACE3-43E4-B600-BD67336AA5AB} = {6533262E-ACE3-43E4-B600-BD67336AA5AB}
		{E9B1E633-AE58-4B01-908C-56C25AB97381} = {E9B1E633-AE58-4B01-908C-56C25AB97381}
	EndProjectSection
EndProject
Global
	GlobalSection(SolutionConfigurationPlatforms) = preSolution
		Debug|Any CPU = Debug|Any CPU
		Release|Any CPU = Release|Any CPU
	EndGlobalSection
	GlobalSection(ProjectConfigurationPlatforms) = postSolution
		{C4C56266-06D1-42F8-9B64-E8F2CDD71CF7}.Debug|Any CPU.ActiveCfg = Debug|Any CPU
		{C4C56266-06D1-42F8-9B64-E8F2CDD71CF7}.Debug|Any CPU.Build.0 = Debug|Any CPU
		{C4C56266-06D1-42F8-9B64-E8F2CDD71CF7}.Release|Any CPU.ActiveCfg = Release|Any CPU
		{C4C56266-06D1-42F8-9B64-E8F2CDD71CF7}.Release|Any CPU.Build.0 = Release|Any CPU
		{D0BE051E-E0DB-479E-BE3D-B85953BE47EC}.Debug|Any CPU.ActiveCfg = Debug|Any CPU
		{D0BE051E-E0DB-479E-BE3D-B85953BE47EC}.Debug|Any CPU.Build.0 = Debug|Any CPU
		{D0BE051E-E0DB-479E-BE3D-B85953BE47EC}.Release|Any CPU.ActiveCfg = Release|Any CPU
		{D0BE051E-E0DB-479E-BE3D-B85953BE47EC}.Release|Any CPU.Build.0 = Release|Any CPU
		{CBA1FBCD-7D70-4E11-AA69-BF5728D5604A}.Debug|Any CPU.ActiveCfg = Debug|Any CPU
		{CBA1FBCD-7D70-4E11-AA69-BF5728D5604A}.Debug|Any CPU.Build.0 = Debug|Any CPU
		{CBA1FBCD-7D70-4E11-AA69-BF5728D5604A}.Release|Any CPU.ActiveCfg = Release|Any CPU
		{CBA1FBCD-7D70-4E11-AA69-BF5728D5604A}.Release|Any CPU.Build.0 = Release|Any CPU
		{0036DF61-C8A8-40CF-BF43-F6269241E727}.Debug|Any CPU.ActiveCfg = Debug|Any CPU
		{0036DF61-C8A8-40CF-BF43-F6269241E727}.Debug|Any CPU.Build.0 = Debug|Any CPU
		{0036DF61-C8A8-40CF-BF43-F6269241E727}.Release|Any CPU.ActiveCfg = Release|Any CPU
		{0036DF61-C8A8-40CF-BF43-F6269241E727}.Release|Any CPU.Build.0 = Release|Any CPU
		{A4ABE676-D899-4D49-B0BE-58D5C6238AC9}.Debug|Any CPU.ActiveCfg = Debug|Any CPU
		{A4ABE676-D899-4D49-B0BE-58D5C6238AC9}.Debug|Any CPU.Build.0 = Debug|Any CPU
		{A4ABE676-D899-4D49-B0BE-58D5C6238AC9}.Release|Any CPU.ActiveCfg = Release|Any CPU
		{A4ABE676-D899-4D49-B0BE-58D5C6238AC9}.Release|Any CPU.Build.0 = Release|Any CPU
		{4AA4BF0B-E800-43E8-85E7-EA0FD788995B}.Debug|Any CPU.ActiveCfg = Debug|Any CPU
		{4AA4BF0B-E800-43E8-85E7-EA0FD788995B}.Debug|Any CPU.Build.0 = Debug|Any CPU
		{4AA4BF0B-E800-43E8-85E7-EA0FD788995B}.Release|Any CPU.ActiveCfg = Release|Any CPU
		{4AA4BF0B-E800-43E8-85E7-EA0FD788995B}.Release|Any CPU.Build.0 = Release|Any CPU
		{70E4BC76-6994-4F79-91D3-4CC70ABC5A90}.Debug|Any CPU.ActiveCfg = Debug|Any CPU
		{70E4BC76-6994-4F79-91D3-4CC70ABC5A90}.Debug|Any CPU.Build.0 = Debug|Any CPU
		{70E4BC76-6994-4F79-91D3-4CC70ABC5A90}.Release|Any CPU.ActiveCfg = Release|Any CPU
		{70E4BC76-6994-4F79-91D3-4CC70ABC5A90}.Release|Any CPU.Build.0 = Release|Any CPU
		{F5B89734-28AE-43F6-8565-300AA794C546}.Debug|Any CPU.ActiveCfg = Debug|Any CPU
		{F5B89734-28AE-43F6-8565-300AA794C546}.Debug|Any CPU.Build.0 = Debug|Any CPU
		{F5B89734-28AE-43F6-8565-300AA794C546}.Release|Any CPU.ActiveCfg = Release|Any CPU
		{F5B89734-28AE-43F6-8565-300AA794C546}.Release|Any CPU.Build.0 = Release|Any CPU
		{777215A7-E11D-4971-8B9B-BD98CD594A33}.Debug|Any CPU.ActiveCfg = Debug|Any CPU
		{777215A7-E11D-4971-8B9B-BD98CD594A33}.Debug|Any CPU.Build.0 = Debug|Any CPU
		{777215A7-E11D-4971-8B9B-BD98CD594A33}.Release|Any CPU.ActiveCfg = Release|Any CPU
		{777215A7-E11D-4971-8B9B-BD98CD594A33}.Release|Any CPU.Build.0 = Release|Any CPU
		{4563B799-A1DB-4CAA-B4AB-6855DE42F037}.Debug|Any CPU.ActiveCfg = Debug|Any CPU
		{4563B799-A1DB-4CAA-B4AB-6855DE42F037}.Debug|Any CPU.Build.0 = Debug|Any CPU
		{4563B799-A1DB-4CAA-B4AB-6855DE42F037}.Release|Any CPU.ActiveCfg = Release|Any CPU
		{4563B799-A1DB-4CAA-B4AB-6855DE42F037}.Release|Any CPU.Build.0 = Release|Any CPU
		{061AA072-B322-4870-B2FB-060457377163}.Debug|Any CPU.ActiveCfg = Debug|Any CPU
		{061AA072-B322-4870-B2FB-060457377163}.Debug|Any CPU.Build.0 = Debug|Any CPU
		{061AA072-B322-4870-B2FB-060457377163}.Release|Any CPU.ActiveCfg = Release|Any CPU
		{061AA072-B322-4870-B2FB-060457377163}.Release|Any CPU.Build.0 = Release|Any CPU
		{AA5FF9D6-A1BE-44DC-9DFE-EAFC64AA4F49}.Debug|Any CPU.ActiveCfg = Debug|Any CPU
		{AA5FF9D6-A1BE-44DC-9DFE-EAFC64AA4F49}.Debug|Any CPU.Build.0 = Debug|Any CPU
		{AA5FF9D6-A1BE-44DC-9DFE-EAFC64AA4F49}.Release|Any CPU.ActiveCfg = Release|Any CPU
		{AA5FF9D6-A1BE-44DC-9DFE-EAFC64AA4F49}.Release|Any CPU.Build.0 = Release|Any CPU
		{C496D427-BE1D-4BAB-8D54-8609D0CED99D}.Debug|Any CPU.ActiveCfg = Debug|Any CPU
		{C496D427-BE1D-4BAB-8D54-8609D0CED99D}.Debug|Any CPU.Build.0 = Debug|Any CPU
		{C496D427-BE1D-4BAB-8D54-8609D0CED99D}.Release|Any CPU.ActiveCfg = Release|Any CPU
		{C496D427-BE1D-4BAB-8D54-8609D0CED99D}.Release|Any CPU.Build.0 = Release|Any CPU
		{E9B1E633-AE58-4B01-908C-56C25AB97381}.Debug|Any CPU.ActiveCfg = Debug|Any CPU
		{E9B1E633-AE58-4B01-908C-56C25AB97381}.Debug|Any CPU.Build.0 = Debug|Any CPU
		{E9B1E633-AE58-4B01-908C-56C25AB97381}.Release|Any CPU.ActiveCfg = Release|Any CPU
		{E9B1E633-AE58-4B01-908C-56C25AB97381}.Release|Any CPU.Build.0 = Release|Any CPU
		{6533262E-ACE3-43E4-B600-BD67336AA5AB}.Debug|Any CPU.ActiveCfg = Debug|Any CPU
		{6533262E-ACE3-43E4-B600-BD67336AA5AB}.Debug|Any CPU.Build.0 = Debug|Any CPU
		{6533262E-ACE3-43E4-B600-BD67336AA5AB}.Release|Any CPU.ActiveCfg = Release|Any CPU
		{6533262E-ACE3-43E4-B600-BD67336AA5AB}.Release|Any CPU.Build.0 = Release|Any CPU
		{66D87348-6BD0-4A51-8F30-9ABC03E27FCA}.Debug|Any CPU.ActiveCfg = Debug|Any CPU
		{66D87348-6BD0-4A51-8F30-9ABC03E27FCA}.Debug|Any CPU.Build.0 = Debug|Any CPU
		{66D87348-6BD0-4A51-8F30-9ABC03E27FCA}.Release|Any CPU.ActiveCfg = Release|Any CPU
		{66D87348-6BD0-4A51-8F30-9ABC03E27FCA}.Release|Any CPU.Build.0 = Release|Any CPU
	EndGlobalSection
	GlobalSection(SolutionProperties) = preSolution
		HideSolutionNode = FALSE
	EndGlobalSection
	GlobalSection(NestedProjects) = preSolution
		{C4C56266-06D1-42F8-9B64-E8F2CDD71CF7} = {C166F64C-82BF-4A45-BC6A-F2638CE7B000}
		{D0BE051E-E0DB-479E-BE3D-B85953BE47EC} = {C166F64C-82BF-4A45-BC6A-F2638CE7B000}
		{CBA1FBCD-7D70-4E11-AA69-BF5728D5604A} = {B905B70A-CA2E-4604-B650-CBFF52D23CF4}
		{0036DF61-C8A8-40CF-BF43-F6269241E727} = {B905B70A-CA2E-4604-B650-CBFF52D23CF4}
		{A4ABE676-D899-4D49-B0BE-58D5C6238AC9} = {C166F64C-82BF-4A45-BC6A-F2638CE7B000}
		{4AA4BF0B-E800-43E8-85E7-EA0FD788995B} = {B905B70A-CA2E-4604-B650-CBFF52D23CF4}
		{EF5A2C1E-4B31-4E15-AA9F-874CDCE00E08} = {B905B70A-CA2E-4604-B650-CBFF52D23CF4}
		{70E4BC76-6994-4F79-91D3-4CC70ABC5A90} = {EF5A2C1E-4B31-4E15-AA9F-874CDCE00E08}
		{F5B89734-28AE-43F6-8565-300AA794C546} = {EF5A2C1E-4B31-4E15-AA9F-874CDCE00E08}
		{777215A7-E11D-4971-8B9B-BD98CD594A33} = {EF5A2C1E-4B31-4E15-AA9F-874CDCE00E08}
		{4563B799-A1DB-4CAA-B4AB-6855DE42F037} = {EF5A2C1E-4B31-4E15-AA9F-874CDCE00E08}
		{061AA072-B322-4870-B2FB-060457377163} = {C5629419-F370-4CEA-9EAB-05B3F65CDC69}
		{AA5FF9D6-A1BE-44DC-9DFE-EAFC64AA4F49} = {C5629419-F370-4CEA-9EAB-05B3F65CDC69}
		{C496D427-BE1D-4BAB-8D54-8609D0CED99D} = {C5629419-F370-4CEA-9EAB-05B3F65CDC69}
		{E9B1E633-AE58-4B01-908C-56C25AB97381} = {C5629419-F370-4CEA-9EAB-05B3F65CDC69}
		{6533262E-ACE3-43E4-B600-BD67336AA5AB} = {C5629419-F370-4CEA-9EAB-05B3F65CDC69}
		{66D87348-6BD0-4A51-8F30-9ABC03E27FCA} = {C5629419-F370-4CEA-9EAB-05B3F65CDC69}
	EndGlobalSection
EndGlobal
