
Microsoft Visual Studio Solution File, Format Version 12.00
# Visual Studio 14
VisualStudioVersion = 14.0.24720.0
MinimumVisualStudioVersion = 10.0.40219.1
Project("{2150E333-8FDC-42A3-9474-1A3956D46DE8}") = ".nuget", ".nuget", "{7E3AE08A-0561-4493-93B4-19604A4F3855}"
	ProjectSection(SolutionItems) = preProject
		.nuget\NuGet.Config = .nuget\NuGet.Config
		.nuget\NuGet.exe = .nuget\NuGet.exe
		.nuget\NuGet.targets = .nuget\NuGet.targets
	EndProjectSection
EndProject
Project("{2150E333-8FDC-42A3-9474-1A3956D46DE8}") = "source", "source", "{C166F64C-82BF-4A45-BC6A-F2638CE7B000}"
EndProject
Project("{FAE04EC0-301F-11D3-BF4B-00C04F79EFBC}") = "HotAssembly", "source\HotAssembly\HotAssembly.csproj", "{C4C56266-06D1-42F8-9B64-E8F2CDD71CF7}"
EndProject
Project("{FAE04EC0-301F-11D3-BF4B-00C04F79EFBC}") = "HotAssembly.SqlPersistenceProvider", "source\HotAssembly.SqlPersistenceProvider\HotAssembly.SqlPersistenceProvider.csproj", "{8084A10C-7182-4AD2-89F7-0781A118D5EE}"
EndProject
Project("{FF286327-C783-4F7A-AB73-9BCBAD0D4460}") = "HotAssembly.NuGetPackage", "source\HotAssembly.NuGetPackage\HotAssembly.NuGetPackage.nuproj", "{D0BE051E-E0DB-479E-BE3D-B85953BE47EC}"
EndProject
Project("{FF286327-C783-4F7A-AB73-9BCBAD0D4460}") = "HotAssembly.SqlPersistenceProvider.NuGetPackage", "source\HotAssembly.SqlPersistenceProvider.NuGetPackage\HotAssembly.SqlPersistenceProvider.NuGetPackage.nuproj", "{24C1749A-8649-4D2D-BB85-69AB068B5B33}"
EndProject
Project("{2150E333-8FDC-42A3-9474-1A3956D46DE8}") = "tests", "tests", "{B905B70A-CA2E-4604-B650-CBFF52D23CF4}"
EndProject
Project("{FAE04EC0-301F-11D3-BF4B-00C04F79EFBC}") = "UnitTests", "tests\UnitTests\UnitTests.csproj", "{CBA1FBCD-7D70-4E11-AA69-BF5728D5604A}"
EndProject
Project("{FAE04EC0-301F-11D3-BF4B-00C04F79EFBC}") = "BaselineTest", "tests\BaselineTest\BaselineTest.csproj", "{0036DF61-C8A8-40CF-BF43-F6269241E727}"
EndProject
Project("{FAE04EC0-301F-11D3-BF4B-00C04F79EFBC}") = "IComputer", "tests\IComputer\IComputer.csproj", "{777215A7-E11D-4971-8B9B-BD98CD594A33}"
EndProject
Project("{FAE04EC0-301F-11D3-BF4B-00C04F79EFBC}") = "HotAssembly.Computer", "tests\HotAssembly.Computer\HotAssembly.Computer.csproj", "{70E4BC76-6994-4F79-91D3-4CC70ABC5A90}"
EndProject
Project("{FAE04EC0-301F-11D3-BF4B-00C04F79EFBC}") = "HotAssembly.Package", "source\HotAssembly.Package\HotAssembly.Package.csproj", "{A4ABE676-D899-4D49-B0BE-58D5C6238AC9}"
EndProject
Project("{FAE04EC0-301F-11D3-BF4B-00C04F79EFBC}") = "HotAssembly.Package.Tests", "tests\HotAssembly.Package.Tests\HotAssembly.Package.Tests.csproj", "{4AA4BF0B-E800-43E8-85E7-EA0FD788995B}"
EndProject
Global
	GlobalSection(SolutionConfigurationPlatforms) = preSolution
		Debug|Any CPU = Debug|Any CPU
		Release|Any CPU = Release|Any CPU
	EndGlobalSection
	GlobalSection(ProjectConfigurationPlatforms) = postSolution
		{C4C56266-06D1-42F8-9B64-E8F2CDD71CF7}.Debug|Any CPU.ActiveCfg = Debug|Any CPU
		{C4C56266-06D1-42F8-9B64-E8F2CDD71CF7}.Debug|Any CPU.Build.0 = Debug|Any CPU
		{C4C56266-06D1-42F8-9B64-E8F2CDD71CF7}.Release|Any CPU.ActiveCfg = Release|Any CPU
		{C4C56266-06D1-42F8-9B64-E8F2CDD71CF7}.Release|Any CPU.Build.0 = Release|Any CPU
		{8084A10C-7182-4AD2-89F7-0781A118D5EE}.Debug|Any CPU.ActiveCfg = Debug|Any CPU
		{8084A10C-7182-4AD2-89F7-0781A118D5EE}.Debug|Any CPU.Build.0 = Debug|Any CPU
		{8084A10C-7182-4AD2-89F7-0781A118D5EE}.Release|Any CPU.ActiveCfg = Release|Any CPU
		{8084A10C-7182-4AD2-89F7-0781A118D5EE}.Release|Any CPU.Build.0 = Release|Any CPU
		{D0BE051E-E0DB-479E-BE3D-B85953BE47EC}.Debug|Any CPU.ActiveCfg = Debug|Any CPU
		{D0BE051E-E0DB-479E-BE3D-B85953BE47EC}.Debug|Any CPU.Build.0 = Debug|Any CPU
		{D0BE051E-E0DB-479E-BE3D-B85953BE47EC}.Release|Any CPU.ActiveCfg = Release|Any CPU
		{D0BE051E-E0DB-479E-BE3D-B85953BE47EC}.Release|Any CPU.Build.0 = Release|Any CPU
		{24C1749A-8649-4D2D-BB85-69AB068B5B33}.Debug|Any CPU.ActiveCfg = Debug|Any CPU
		{24C1749A-8649-4D2D-BB85-69AB068B5B33}.Debug|Any CPU.Build.0 = Debug|Any CPU
		{24C1749A-8649-4D2D-BB85-69AB068B5B33}.Release|Any CPU.ActiveCfg = Release|Any CPU
		{24C1749A-8649-4D2D-BB85-69AB068B5B33}.Release|Any CPU.Build.0 = Release|Any CPU
		{CBA1FBCD-7D70-4E11-AA69-BF5728D5604A}.Debug|Any CPU.ActiveCfg = Debug|Any CPU
		{CBA1FBCD-7D70-4E11-AA69-BF5728D5604A}.Debug|Any CPU.Build.0 = Debug|Any CPU
		{CBA1FBCD-7D70-4E11-AA69-BF5728D5604A}.Release|Any CPU.ActiveCfg = Release|Any CPU
		{CBA1FBCD-7D70-4E11-AA69-BF5728D5604A}.Release|Any CPU.Build.0 = Release|Any CPU
		{0036DF61-C8A8-40CF-BF43-F6269241E727}.Debug|Any CPU.ActiveCfg = Debug|Any CPU
		{0036DF61-C8A8-40CF-BF43-F6269241E727}.Debug|Any CPU.Build.0 = Debug|Any CPU
		{0036DF61-C8A8-40CF-BF43-F6269241E727}.Release|Any CPU.ActiveCfg = Release|Any CPU
		{0036DF61-C8A8-40CF-BF43-F6269241E727}.Release|Any CPU.Build.0 = Release|Any CPU
		{777215A7-E11D-4971-8B9B-BD98CD594A33}.Debug|Any CPU.ActiveCfg = Debug|Any CPU
		{777215A7-E11D-4971-8B9B-BD98CD594A33}.Debug|Any CPU.Build.0 = Debug|Any CPU
		{777215A7-E11D-4971-8B9B-BD98CD594A33}.Release|Any CPU.ActiveCfg = Release|Any CPU
		{777215A7-E11D-4971-8B9B-BD98CD594A33}.Release|Any CPU.Build.0 = Release|Any CPU
		{70E4BC76-6994-4F79-91D3-4CC70ABC5A90}.Debug|Any CPU.ActiveCfg = Debug|Any CPU
		{70E4BC76-6994-4F79-91D3-4CC70ABC5A90}.Debug|Any CPU.Build.0 = Debug|Any CPU
		{70E4BC76-6994-4F79-91D3-4CC70ABC5A90}.Release|Any CPU.ActiveCfg = Release|Any CPU
		{70E4BC76-6994-4F79-91D3-4CC70ABC5A90}.Release|Any CPU.Build.0 = Release|Any CPU
		{A4ABE676-D899-4D49-B0BE-58D5C6238AC9}.Debug|Any CPU.ActiveCfg = Debug|Any CPU
		{A4ABE676-D899-4D49-B0BE-58D5C6238AC9}.Debug|Any CPU.Build.0 = Debug|Any CPU
		{A4ABE676-D899-4D49-B0BE-58D5C6238AC9}.Release|Any CPU.ActiveCfg = Release|Any CPU
		{A4ABE676-D899-4D49-B0BE-58D5C6238AC9}.Release|Any CPU.Build.0 = Release|Any CPU
		{4AA4BF0B-E800-43E8-85E7-EA0FD788995B}.Debug|Any CPU.ActiveCfg = Debug|Any CPU
		{4AA4BF0B-E800-43E8-85E7-EA0FD788995B}.Debug|Any CPU.Build.0 = Debug|Any CPU
		{4AA4BF0B-E800-43E8-85E7-EA0FD788995B}.Release|Any CPU.ActiveCfg = Release|Any CPU
		{4AA4BF0B-E800-43E8-85E7-EA0FD788995B}.Release|Any CPU.Build.0 = Release|Any CPU
	EndGlobalSection
	GlobalSection(SolutionProperties) = preSolution
		HideSolutionNode = FALSE
	EndGlobalSection
	GlobalSection(NestedProjects) = preSolution
		{C4C56266-06D1-42F8-9B64-E8F2CDD71CF7} = {C166F64C-82BF-4A45-BC6A-F2638CE7B000}
		{8084A10C-7182-4AD2-89F7-0781A118D5EE} = {C166F64C-82BF-4A45-BC6A-F2638CE7B000}
		{D0BE051E-E0DB-479E-BE3D-B85953BE47EC} = {C166F64C-82BF-4A45-BC6A-F2638CE7B000}
		{24C1749A-8649-4D2D-BB85-69AB068B5B33} = {C166F64C-82BF-4A45-BC6A-F2638CE7B000}
		{CBA1FBCD-7D70-4E11-AA69-BF5728D5604A} = {B905B70A-CA2E-4604-B650-CBFF52D23CF4}
		{0036DF61-C8A8-40CF-BF43-F6269241E727} = {B905B70A-CA2E-4604-B650-CBFF52D23CF4}
		{777215A7-E11D-4971-8B9B-BD98CD594A33} = {B905B70A-CA2E-4604-B650-CBFF52D23CF4}
		{70E4BC76-6994-4F79-91D3-4CC70ABC5A90} = {B905B70A-CA2E-4604-B650-CBFF52D23CF4}
		{A4ABE676-D899-4D49-B0BE-58D5C6238AC9} = {C166F64C-82BF-4A45-BC6A-F2638CE7B000}
		{4AA4BF0B-E800-43E8-85E7-EA0FD788995B} = {B905B70A-CA2E-4604-B650-CBFF52D23CF4}
	EndGlobalSection
EndGlobal
